
Microsoft Visual Studio Solution File, Format Version 12.00
# Visual Studio 15
VisualStudioVersion = 15.0.26730.12
MinimumVisualStudioVersion = 10.0.40219.1
Project("{FAE04EC0-301F-11D3-BF4B-00C04F79EFBC}") = "Лаб№3", "Лаб№3.csproj", "{51A052D8-4053-4809-A65D-BFAD464C25D4}"
EndProject
Global
	GlobalSection(SolutionConfigurationPlatforms) = preSolution
		Debug|Any CPU = Debug|Any CPU
		Release|Any CPU = Release|Any CPU
	EndGlobalSection
	GlobalSection(ProjectConfigurationPlatforms) = postSolution
		{51A052D8-4053-4809-A65D-BFAD464C25D4}.Debug|Any CPU.ActiveCfg = Debug|Any CPU
		{51A052D8-4053-4809-A65D-BFAD464C25D4}.Debug|Any CPU.Build.0 = Debug|Any CPU
		{51A052D8-4053-4809-A65D-BFAD464C25D4}.Release|Any CPU.ActiveCfg = Release|Any CPU
		{51A052D8-4053-4809-A65D-BFAD464C25D4}.Release|Any CPU.Build.0 = Release|Any CPU
	EndGlobalSection
	GlobalSection(SolutionProperties) = preSolution
		HideSolutionNode = FALSE
	EndGlobalSection
	GlobalSection(ExtensibilityGlobals) = postSolution
		SolutionGuid = {69C77AEA-5D96-47B8-B868-E61D9D41374A}
	EndGlobalSection
EndGlobal
